
Microsoft Visual Studio Solution File, Format Version 12.00
# Visual Studio Version 16
VisualStudioVersion = 16.0.34031.81
MinimumVisualStudioVersion = 10.0.40219.1
Project("{E24C65DC-7377-472B-9ABA-BC803B73C61A}") = "Proyecto_XML", "Proyecto_XML\", "{D0F13E14-A828-48FD-95CA-842C439DD979}"
	ProjectSection(WebsiteProperties) = preProject
		TargetFrameworkMoniker = ".NETFramework,Version%3Dv4.7.2"
		Debug.AspNetCompiler.VirtualPath = "/localhost_57358"
		Debug.AspNetCompiler.PhysicalPath = "Proyecto_XML\"
		Debug.AspNetCompiler.TargetPath = "PrecompiledWeb\localhost_57358\"
		Debug.AspNetCompiler.Updateable = "true"
		Debug.AspNetCompiler.ForceOverwrite = "true"
		Debug.AspNetCompiler.FixedNames = "false"
		Debug.AspNetCompiler.Debug = "True"
		Release.AspNetCompiler.VirtualPath = "/localhost_57358"
		Release.AspNetCompiler.PhysicalPath = "Proyecto_XML\"
		Release.AspNetCompiler.TargetPath = "PrecompiledWeb\localhost_57358\"
		Release.AspNetCompiler.Updateable = "true"
		Release.AspNetCompiler.ForceOverwrite = "true"
		Release.AspNetCompiler.FixedNames = "false"
		Release.AspNetCompiler.Debug = "False"
		VWDPort = "57358"
		SlnRelativePath = "Proyecto_XML\"
		DefaultWebSiteLanguage = "Visual C#"
	EndProjectSection
EndProject
Global
	GlobalSection(SolutionConfigurationPlatforms) = preSolution
		Debug|Any CPU = Debug|Any CPU
	EndGlobalSection
	GlobalSection(ProjectConfigurationPlatforms) = postSolution
		{D0F13E14-A828-48FD-95CA-842C439DD979}.Debug|Any CPU.ActiveCfg = Debug|Any CPU
		{D0F13E14-A828-48FD-95CA-842C439DD979}.Debug|Any CPU.Build.0 = Debug|Any CPU
	EndGlobalSection
	GlobalSection(SolutionProperties) = preSolution
		HideSolutionNode = FALSE
	EndGlobalSection
	GlobalSection(ExtensibilityGlobals) = postSolution
		SolutionGuid = {41244464-C429-46FE-9703-E6D979BB0AB4}
	EndGlobalSection
EndGlobal
